// !$*UTF8*$!
{
	archiveVersion = 1;
	classes = {
	};
	objectVersion = 46;
	objects = {

/* Begin PBXBuildFile section */
		B5D06B65147D463200921FCD /* UIKit.framework in Frameworks */ = {isa = PBXBuildFile; fileRef = B5D06B64147D463200921FCD /* UIKit.framework */; };
		B5D06B67147D463200921FCD /* Foundation.framework in Frameworks */ = {isa = PBXBuildFile; fileRef = B5D06B66147D463200921FCD /* Foundation.framework */; };
		B5D06B69147D463200921FCD /* CoreGraphics.framework in Frameworks */ = {isa = PBXBuildFile; fileRef = B5D06B68147D463200921FCD /* CoreGraphics.framework */; };
		B5D06B6F147D463200921FCD /* InfoPlist.strings in Resources */ = {isa = PBXBuildFile; fileRef = B5D06B6D147D463200921FCD /* InfoPlist.strings */; };
		B5D06B71147D463200921FCD /* main.m in Sources */ = {isa = PBXBuildFile; fileRef = B5D06B70147D463200921FCD /* main.m */; };
		B5D06B75147D463200921FCD /* maartAppDelegate.m in Sources */ = {isa = PBXBuildFile; fileRef = B5D06B74147D463200921FCD /* maartAppDelegate.m */; };
/* End PBXBuildFile section */

/* Begin PBXFileReference section */
		B5D06B60147D463200921FCD /* PlanPic.app */ = {isa = PBXFileReference; explicitFileType = wrapper.application; includeInIndex = 0; path = PlanPic.app; sourceTree = BUILT_PRODUCTS_DIR; };
		B5D06B64147D463200921FCD /* UIKit.framework */ = {isa = PBXFileReference; lastKnownFileType = wrapper.framework; name = UIKit.framework; path = System/Library/Frameworks/UIKit.framework; sourceTree = SDKROOT; };
		B5D06B66147D463200921FCD /* Foundation.framework */ = {isa = PBXFileReference; lastKnownFileType = wrapper.framework; name = Foundation.framework; path = System/Library/Frameworks/Foundation.framework; sourceTree = SDKROOT; };
		B5D06B68147D463200921FCD /* CoreGraphics.framework */ = {isa = PBXFileReference; lastKnownFileType = wrapper.framework; name = CoreGraphics.framework; path = System/Library/Frameworks/CoreGraphics.framework; sourceTree = SDKROOT; };
		B5D06B6C147D463200921FCD /* PlanPic-Info.plist */ = {isa = PBXFileReference; lastKnownFileType = text.plist.xml; path = "PlanPic-Info.plist"; sourceTree = "<group>"; };
		B5D06B6E147D463200921FCD /* en */ = {isa = PBXFileReference; lastKnownFileType = text.plist.strings; name = en; path = en.lproj/InfoPlist.strings; sourceTree = "<group>"; };
		B5D06B70147D463200921FCD /* main.m */ = {isa = PBXFileReference; lastKnownFileType = sourcecode.c.objc; path = main.m; sourceTree = "<group>"; };
		B5D06B72147D463200921FCD /* PlanPic-Prefix.pch */ = {isa = PBXFileReference; lastKnownFileType = sourcecode.c.h; path = "PlanPic-Prefix.pch"; sourceTree = "<group>"; };
		B5D06B73147D463200921FCD /* maartAppDelegate.h */ = {isa = PBXFileReference; lastKnownFileType = sourcecode.c.h; path = maartAppDelegate.h; sourceTree = "<group>"; };
		B5D06B74147D463200921FCD /* maartAppDelegate.m */ = {isa = PBXFileReference; lastKnownFileType = sourcecode.c.objc; path = maartAppDelegate.m; sourceTree = "<group>"; };
/* End PBXFileReference section */

/* Begin PBXFrameworksBuildPhase section */
		B5D06B5D147D463200921FCD /* Frameworks */ = {
			isa = PBXFrameworksBuildPhase;
			buildActionMask = 2147483647;
			files = (
				B5D06B65147D463200921FCD /* UIKit.framework in Frameworks */,
				B5D06B67147D463200921FCD /* Foundation.framework in Frameworks */,
				B5D06B69147D463200921FCD /* CoreGraphics.framework in Frameworks */,
			);
			runOnlyForDeploymentPostprocessing = 0;
		};
/* End PBXFrameworksBuildPhase section */

/* Begin PBXGroup section */
		B5D06B55147D463200921FCD = {
			isa = PBXGroup;
			children = (
				B5D06B6A147D463200921FCD /* PlanPic */,
				B5D06B63147D463200921FCD /* Frameworks */,
				B5D06B61147D463200921FCD /* Products */,
			);
			sourceTree = "<group>";
		};
		B5D06B61147D463200921FCD /* Products */ = {
			isa = PBXGroup;
			children = (
				B5D06B60147D463200921FCD /* PlanPic.app */,
			);
			name = Products;
			sourceTree = "<group>";
		};
		B5D06B63147D463200921FCD /* Frameworks */ = {
			isa = PBXGroup;
			children = (
				B5D06B64147D463200921FCD /* UIKit.framework */,
				B5D06B66147D463200921FCD /* Foundation.framework */,
				B5D06B68147D463200921FCD /* CoreGraphics.framework */,
			);
			name = Frameworks;
			sourceTree = "<group>";
		};
		B5D06B6A147D463200921FCD /* PlanPic */ = {
			isa = PBXGroup;
			children = (
				B5D06B73147D463200921FCD /* maartAppDelegate.h */,
				B5D06B74147D463200921FCD /* maartAppDelegate.m */,
				B5D06B6B147D463200921FCD /* Supporting Files */,
			);
			path = PlanPic;
			sourceTree = "<group>";
		};
		B5D06B6B147D463200921FCD /* Supporting Files */ = {
			isa = PBXGroup;
			children = (
				B5D06B6C147D463200921FCD /* PlanPic-Info.plist */,
				B5D06B6D147D463200921FCD /* InfoPlist.strings */,
				B5D06B70147D463200921FCD /* main.m */,
				B5D06B72147D463200921FCD /* PlanPic-Prefix.pch */,
			);
			name = "Supporting Files";
			sourceTree = "<group>";
		};
/* End PBXGroup section */

/* Begin PBXNativeTarget section */
		B5D06B5F147D463200921FCD /* PlanPic */ = {
			isa = PBXNativeTarget;
			buildConfigurationList = B5D06B78147D463200921FCD /* Build configuration list for PBXNativeTarget "PlanPic" */;
			buildPhases = (
				B5D06B5C147D463200921FCD /* Sources */,
				B5D06B5D147D463200921FCD /* Frameworks */,
				B5D06B5E147D463200921FCD /* Resources */,
			);
			buildRules = (
			);
			dependencies = (
			);
			name = PlanPic;
			productName = PlanPic;
			productReference = B5D06B60147D463200921FCD /* PlanPic.app */;
			productType = "com.apple.product-type.application";
		};
/* End PBXNativeTarget section */

/* Begin PBXProject section */
		B5D06B57147D463200921FCD /* Project object */ = {
			isa = PBXProject;
			attributes = {
				LastUpgradeCheck = 0420;
			};
			buildConfigurationList = B5D06B5A147D463200921FCD /* Build configuration list for PBXProject "PlanPic" */;
			compatibilityVersion = "Xcode 3.2";
			developmentRegion = English;
			hasScannedForEncodings = 0;
			knownRegions = (
				en,
			);
			mainGroup = B5D06B55147D463200921FCD;
			productRefGroup = B5D06B61147D463200921FCD /* Products */;
			projectDirPath = "";
			projectRoot = "";
			targets = (
				B5D06B5F147D463200921FCD /* PlanPic */,
			);
		};
/* End PBXProject section */

/* Begin PBXResourcesBuildPhase section */
		B5D06B5E147D463200921FCD /* Resources */ = {
			isa = PBXResourcesBuildPhase;
			buildActionMask = 2147483647;
			files = (
				B5D06B6F147D463200921FCD /* InfoPlist.strings in Resources */,
			);
			runOnlyForDeploymentPostprocessing = 0;
		};
/* End PBXResourcesBuildPhase section */

/* Begin PBXSourcesBuildPhase section */
		B5D06B5C147D463200921FCD /* Sources */ = {
			isa = PBXSourcesBuildPhase;
			buildActionMask = 2147483647;
			files = (
				B5D06B71147D463200921FCD /* main.m in Sources */,
				B5D06B75147D463200921FCD /* maartAppDelegate.m in Sources */,
			);
			runOnlyForDeploymentPostprocessing = 0;
		};
/* End PBXSourcesBuildPhase section */

/* Begin PBXVariantGroup section */
		B5D06B6D147D463200921FCD /* InfoPlist.strings */ = {
			isa = PBXVariantGroup;
			children = (
				B5D06B6E147D463200921FCD /* en */,
			);
			name = InfoPlist.strings;
			sourceTree = "<group>";
		};
/* End PBXVariantGroup section */

/* Begin XCBuildConfiguration section */
		B5D06B76147D463200921FCD /* Debug */ = {
			isa = XCBuildConfiguration;
			buildSettings = {
				ALWAYS_SEARCH_USER_PATHS = NO;
				ARCHS = "$(ARCHS_STANDARD_32_BIT)";
				CLANG_ENABLE_OBJC_ARC = YES;
				"CODE_SIGN_IDENTITY[sdk=iphoneos*]" = "iPhone Developer";
				COPY_PHASE_STRIP = NO;
				GCC_C_LANGUAGE_STANDARD = gnu99;
				GCC_DYNAMIC_NO_PIC = NO;
				GCC_OPTIMIZATION_LEVEL = 0;
				GCC_PREPROCESSOR_DEFINITIONS = (
					"DEBUG=1",
					"$(inherited)",
				);
				GCC_SYMBOLS_PRIVATE_EXTERN = NO;
				GCC_VERSION = com.apple.compilers.llvm.clang.1_0;
				GCC_WARN_ABOUT_MISSING_PROTOTYPES = YES;
				GCC_WARN_ABOUT_RETURN_TYPE = YES;
				GCC_WARN_UNUSED_VARIABLE = YES;
				IPHONEOS_DEPLOYMENT_TARGET = 5.0;
				SDKROOT = iphoneos;
			};
			name = Debug;
		};
		B5D06B77147D463200921FCD /* Release */ = {
			isa = XCBuildConfiguration;
			buildSettings = {
				ALWAYS_SEARCH_USER_PATHS = NO;
				ARCHS = "$(ARCHS_STANDARD_32_BIT)";
				CLANG_ENABLE_OBJC_ARC = YES;
				"CODE_SIGN_IDENTITY[sdk=iphoneos*]" = "iPhone Developer";
				COPY_PHASE_STRIP = YES;
				GCC_C_LANGUAGE_STANDARD = gnu99;
				GCC_VERSION = com.apple.compilers.llvm.clang.1_0;
				GCC_WARN_ABOUT_MISSING_PROTOTYPES = YES;
				GCC_WARN_ABOUT_RETURN_TYPE = YES;
				GCC_WARN_UNUSED_VARIABLE = YES;
				IPHONEOS_DEPLOYMENT_TARGET = 5.0;
				OTHER_CFLAGS = "-DNS_BLOCK_ASSERTIONS=1";
				SDKROOT = iphoneos;
				VALIDATE_PRODUCT = YES;
			};
			name = Release;
		};
		B5D06B79147D463200921FCD /* Debug */ = {
			isa = XCBuildConfiguration;
			buildSettings = {
				GCC_PRECOMPILE_PREFIX_HEADER = YES;
				GCC_PREFIX_HEADER = "PlanPic/PlanPic-Prefix.pch";
				INFOPLIST_FILE = "PlanPic/PlanPic-Info.plist";
				PRODUCT_NAME = "$(TARGET_NAME)";
				WRAPPER_EXTENSION = app;
			};
			name = Debug;
		};
		B5D06B7A147D463200921FCD /* Release */ = {
			isa = XCBuildConfiguration;
			buildSettings = {
				GCC_PRECOMPILE_PREFIX_HEADER = YES;
				GCC_PREFIX_HEADER = "PlanPic/PlanPic-Prefix.pch";
				INFOPLIST_FILE = "PlanPic/PlanPic-Info.plist";
				PRODUCT_NAME = "$(TARGET_NAME)";
				WRAPPER_EXTENSION = app;
			};
			name = Release;
		};
/* End XCBuildConfiguration section */

/* Begin XCConfigurationList section */
		B5D06B5A147D463200921FCD /* Build configuration list for PBXProject "PlanPic" */ = {
			isa = XCConfigurationList;
			buildConfigurations = (
				B5D06B76147D463200921FCD /* Debug */,
				B5D06B77147D463200921FCD /* Release */,
			);
			defaultConfigurationIsVisible = 0;
			defaultConfigurationName = Release;
		};
		B5D06B78147D463200921FCD /* Build configuration list for PBXNativeTarget "PlanPic" */ = {
			isa = XCConfigurationList;
			buildConfigurations = (
				B5D06B79147D463200921FCD /* Debug */,
				B5D06B7A147D463200921FCD /* Release */,
			);
			defaultConfigurationIsVisible = 0;
			defaultConfigurationName = Release;
		};
/* End XCConfigurationList section */
	};
	rootObject = B5D06B57147D463200921FCD /* Project object */;
}
